// !$*UTF8*$!
{
	archiveVersion = 1;
	classes = {
	};
	objectVersion = 46;
	objects = {

/* Begin PBXBuildFile section */
		065D11A81C196BC200F0C48C /* API.m in Sources */ = {isa = PBXBuildFile; fileRef = 065D11A71C196BC200F0C48C /* API.m */; };
		065D11B51C196D1800F0C48C /* FirstViewController.m in Sources */ = {isa = PBXBuildFile; fileRef = 065D11AF1C196D1800F0C48C /* FirstViewController.m */; };
		065D11B61C196D1800F0C48C /* Login.storyboard in Resources */ = {isa = PBXBuildFile; fileRef = 065D11B01C196D1800F0C48C /* Login.storyboard */; };
		065D11B71C196D1800F0C48C /* RegisterViewController.m in Sources */ = {isa = PBXBuildFile; fileRef = 065D11B21C196D1800F0C48C /* RegisterViewController.m */; };
		065D11B81C196D1800F0C48C /* ValueCodeViewController.m in Sources */ = {isa = PBXBuildFile; fileRef = 065D11B41C196D1800F0C48C /* ValueCodeViewController.m */; };
		065D11BA1C19728B00F0C48C /* Images.xcassets in Resources */ = {isa = PBXBuildFile; fileRef = 065D11B91C19728B00F0C48C /* Images.xcassets */; };
		06712FA11C1DE8660067E6CB /* libopenh264.a in Frameworks */ = {isa = PBXBuildFile; fileRef = 06712F9E1C1DE8660067E6CB /* libopenh264.a */; };
		06712FA21C1DE8660067E6CB /* libyuv_neon.a in Frameworks */ = {isa = PBXBuildFile; fileRef = 06712F9F1C1DE8660067E6CB /* libyuv_neon.a */; };
		06712FA31C1DE8660067E6CB /* libyuv.a in Frameworks */ = {isa = PBXBuildFile; fileRef = 06712FA01C1DE8660067E6CB /* libyuv.a */; };
		0681A0DB1C1DEF8300BCD6AE /* libsrtp.a in Frameworks */ = {isa = PBXBuildFile; fileRef = 0681A0C91C1DEF8300BCD6AE /* libsrtp.a */; };
		0681A0DC1C1DEF8300BCD6AE /* libspeex.a in Frameworks */ = {isa = PBXBuildFile; fileRef = 0681A0CA1C1DEF8300BCD6AE /* libspeex.a */; };
		0681A0DD1C1DEF8300BCD6AE /* libresample.a in Frameworks */ = {isa = PBXBuildFile; fileRef = 0681A0CB1C1DEF8300BCD6AE /* libresample.a */; };
		0681A0DE1C1DEF8300BCD6AE /* libpjsua2.a in Frameworks */ = {isa = PBXBuildFile; fileRef = 0681A0CC1C1DEF8300BCD6AE /* libpjsua2.a */; };
		0681A0DF1C1DEF8300BCD6AE /* libpjsua.a in Frameworks */ = {isa = PBXBuildFile; fileRef = 0681A0CD1C1DEF8300BCD6AE /* libpjsua.a */; };
		0681A0E01C1DEF8300BCD6AE /* libpjsip-ua.a in Frameworks */ = {isa = PBXBuildFile; fileRef = 0681A0CE1C1DEF8300BCD6AE /* libpjsip-ua.a */; };
		0681A0E11C1DEF8300BCD6AE /* libpjsip-simple.a in Frameworks */ = {isa = PBXBuildFile; fileRef = 0681A0CF1C1DEF8300BCD6AE /* libpjsip-simple.a */; };
		0681A0E21C1DEF8300BCD6AE /* libpjsip.a in Frameworks */ = {isa = PBXBuildFile; fileRef = 0681A0D01C1DEF8300BCD6AE /* libpjsip.a */; };
		0681A0E31C1DEF8300BCD6AE /* libpjnath.a in Frameworks */ = {isa = PBXBuildFile; fileRef = 0681A0D11C1DEF8300BCD6AE /* libpjnath.a */; };
		0681A0E41C1DEF8300BCD6AE /* libpjmedia-videodev.a in Frameworks */ = {isa = PBXBuildFile; fileRef = 0681A0D21C1DEF8300BCD6AE /* libpjmedia-videodev.a */; };
		0681A0E51C1DEF8300BCD6AE /* libpjmedia-codec.a in Frameworks */ = {isa = PBXBuildFile; fileRef = 0681A0D31C1DEF8300BCD6AE /* libpjmedia-codec.a */; };
		0681A0E61C1DEF8300BCD6AE /* libpjmedia-audiodev.a in Frameworks */ = {isa = PBXBuildFile; fileRef = 0681A0D41C1DEF8300BCD6AE /* libpjmedia-audiodev.a */; };
		0681A0E71C1DEF8300BCD6AE /* libpjmedia.a in Frameworks */ = {isa = PBXBuildFile; fileRef = 0681A0D51C1DEF8300BCD6AE /* libpjmedia.a */; };
		0681A0E81C1DEF8300BCD6AE /* libpjlib-util.a in Frameworks */ = {isa = PBXBuildFile; fileRef = 0681A0D61C1DEF8300BCD6AE /* libpjlib-util.a */; };
		0681A0E91C1DEF8300BCD6AE /* libpj.a in Frameworks */ = {isa = PBXBuildFile; fileRef = 0681A0D71C1DEF8300BCD6AE /* libpj.a */; };
		0681A0EA1C1DEF8300BCD6AE /* libilbccodec.a in Frameworks */ = {isa = PBXBuildFile; fileRef = 0681A0D81C1DEF8300BCD6AE /* libilbccodec.a */; };
		0681A0EB1C1DEF8300BCD6AE /* libgsmcodec.a in Frameworks */ = {isa = PBXBuildFile; fileRef = 0681A0D91C1DEF8300BCD6AE /* libgsmcodec.a */; };
		0681A0EC1C1DEF8300BCD6AE /* libg7221codec.a in Frameworks */ = {isa = PBXBuildFile; fileRef = 0681A0DA1C1DEF8300BCD6AE /* libg7221codec.a */; };
		06CDC13A1C198C92003D3F5C /* Main.storyboard in Resources */ = {isa = PBXBuildFile; fileRef = 06CDC1391C198C92003D3F5C /* Main.storyboard */; };
		06CDC13D1C19A045003D3F5C /* Call.storyboard in Resources */ = {isa = PBXBuildFile; fileRef = 06CDC13C1C19A045003D3F5C /* Call.storyboard */; };
		06CDC1431C19A14E003D3F5C /* CallingViewController.m in Sources */ = {isa = PBXBuildFile; fileRef = 06CDC1421C19A14E003D3F5C /* CallingViewController.m */; };
		3AA31FF618F3FB4C00112C3D /* AudioToolbox.framework in Frameworks */ = {isa = PBXBuildFile; fileRef = 3AA31FE918F3FB4C00112C3D /* AudioToolbox.framework */; };
		3AA31FF718F3FB4C00112C3D /* AVFoundation.framework in Frameworks */ = {isa = PBXBuildFile; fileRef = 3AA31FEA18F3FB4C00112C3D /* AVFoundation.framework */; };
		3AA31FF818F3FB4C00112C3D /* CFNetwork.framework in Frameworks */ = {isa = PBXBuildFile; fileRef = 3AA31FEB18F3FB4C00112C3D /* CFNetwork.framework */; };
		3AA31FF918F3FB4C00112C3D /* CoreAudio.framework in Frameworks */ = {isa = PBXBuildFile; fileRef = 3AA31FEC18F3FB4C00112C3D /* CoreAudio.framework */; };
		3AA31FFA18F3FB4C00112C3D /* CoreFoundation.framework in Frameworks */ = {isa = PBXBuildFile; fileRef = 3AA31FED18F3FB4C00112C3D /* CoreFoundation.framework */; };
		3AA31FFB18F3FB4C00112C3D /* CoreImage.framework in Frameworks */ = {isa = PBXBuildFile; fileRef = 3AA31FEE18F3FB4C00112C3D /* CoreImage.framework */; };
		3AA31FFC18F3FB4C00112C3D /* CoreMedia.framework in Frameworks */ = {isa = PBXBuildFile; fileRef = 3AA31FEF18F3FB4C00112C3D /* CoreMedia.framework */; };
		3AA31FFD18F3FB4C00112C3D /* CoreVideo.framework in Frameworks */ = {isa = PBXBuildFile; fileRef = 3AA31FF018F3FB4C00112C3D /* CoreVideo.framework */; };
		3AA31FFE18F3FB4C00112C3D /* OpenGLES.framework in Frameworks */ = {isa = PBXBuildFile; fileRef = 3AA31FF118F3FB4C00112C3D /* OpenGLES.framework */; };
		3AA31FFF18F3FB4C00112C3D /* QuartzCore.framework in Frameworks */ = {isa = PBXBuildFile; fileRef = 3AA31FF218F3FB4C00112C3D /* QuartzCore.framework */; };
		3AA3200018F3FB4C00112C3D /* Foundation.framework in Frameworks */ = {isa = PBXBuildFile; fileRef = 3AA31FF318F3FB4C00112C3D /* Foundation.framework */; };
		3AA3200118F3FB4C00112C3D /* CoreGraphics.framework in Frameworks */ = {isa = PBXBuildFile; fileRef = 3AA31FF418F3FB4C00112C3D /* CoreGraphics.framework */; };
		3AA3200218F3FB4C00112C3D /* UIKit.framework in Frameworks */ = {isa = PBXBuildFile; fileRef = 3AA31FF518F3FB4C00112C3D /* UIKit.framework */; };
		3ADCCD171715338D0007BE8E /* pjsua.png in Resources */ = {isa = PBXBuildFile; fileRef = 3ADCCD161715338D0007BE8E /* pjsua.png */; };
		3ADCCD2D172E40120007BE8E /* pjsua_app_cli.c in Sources */ = {isa = PBXBuildFile; fileRef = 3ADCCD28172E40120007BE8E /* pjsua_app_cli.c */; };
		3ADCCD2E172E40120007BE8E /* pjsua_app_common.c in Sources */ = {isa = PBXBuildFile; fileRef = 3ADCCD29172E40120007BE8E /* pjsua_app_common.c */; };
		3ADCCD2F172E40120007BE8E /* pjsua_app_config.c in Sources */ = {isa = PBXBuildFile; fileRef = 3ADCCD2A172E40120007BE8E /* pjsua_app_config.c */; };
		3ADCCD30172E40120007BE8E /* pjsua_app_legacy.c in Sources */ = {isa = PBXBuildFile; fileRef = 3ADCCD2B172E40120007BE8E /* pjsua_app_legacy.c */; };
		3ADCCD31172E40120007BE8E /* pjsua_app.c in Sources */ = {isa = PBXBuildFile; fileRef = 3ADCCD2C172E40120007BE8E /* pjsua_app.c */; };
		3AF0581316F050780046B835 /* InfoPlist.strings in Resources */ = {isa = PBXBuildFile; fileRef = 3AF0581116F050780046B835 /* InfoPlist.strings */; };
		3AF0581516F050780046B835 /* main.mm in Sources */ = {isa = PBXBuildFile; fileRef = 3AF0581416F050780046B835 /* main.mm */; };
		3AF0581916F050780046B835 /* ipjsuaAppDelegate.m in Sources */ = {isa = PBXBuildFile; fileRef = 3AF0581816F050780046B835 /* ipjsuaAppDelegate.m */; };
		3AF0581B16F050780046B835 /* Default.png in Resources */ = {isa = PBXBuildFile; fileRef = 3AF0581A16F050780046B835 /* Default.png */; };
		3AF0581D16F050780046B835 /* Default@2x.png in Resources */ = {isa = PBXBuildFile; fileRef = 3AF0581C16F050780046B835 /* Default@2x.png */; };
		3AF0581F16F050780046B835 /* Default-568h@2x.png in Resources */ = {isa = PBXBuildFile; fileRef = 3AF0581E16F050780046B835 /* Default-568h@2x.png */; };
/* End PBXBuildFile section */

/* Begin PBXFileReference section */
		065D11A61C196BC200F0C48C /* API.h */ = {isa = PBXFileReference; fileEncoding = 4; lastKnownFileType = sourcecode.c.h; path = API.h; sourceTree = "<group>"; };
		065D11A71C196BC200F0C48C /* API.m */ = {isa = PBXFileReference; fileEncoding = 4; lastKnownFileType = sourcecode.c.objc; path = API.m; sourceTree = "<group>"; };
		065D11AE1C196D1800F0C48C /* FirstViewController.h */ = {isa = PBXFileReference; fileEncoding = 4; lastKnownFileType = sourcecode.c.h; path = FirstViewController.h; sourceTree = "<group>"; };
		065D11AF1C196D1800F0C48C /* FirstViewController.m */ = {isa = PBXFileReference; fileEncoding = 4; lastKnownFileType = sourcecode.c.objc; path = FirstViewController.m; sourceTree = "<group>"; };
		065D11B01C196D1800F0C48C /* Login.storyboard */ = {isa = PBXFileReference; fileEncoding = 4; lastKnownFileType = file.storyboard; path = Login.storyboard; sourceTree = "<group>"; };
		065D11B11C196D1800F0C48C /* RegisterViewController.h */ = {isa = PBXFileReference; fileEncoding = 4; lastKnownFileType = sourcecode.c.h; path = RegisterViewController.h; sourceTree = "<group>"; };
		065D11B21C196D1800F0C48C /* RegisterViewController.m */ = {isa = PBXFileReference; fileEncoding = 4; lastKnownFileType = sourcecode.c.objc; path = RegisterViewController.m; sourceTree = "<group>"; };
		065D11B31C196D1800F0C48C /* ValueCodeViewController.h */ = {isa = PBXFileReference; fileEncoding = 4; lastKnownFileType = sourcecode.c.h; path = ValueCodeViewController.h; sourceTree = "<group>"; };
		065D11B41C196D1800F0C48C /* ValueCodeViewController.m */ = {isa = PBXFileReference; fileEncoding = 4; lastKnownFileType = sourcecode.c.objc; path = ValueCodeViewController.m; sourceTree = "<group>"; };
		065D11B91C19728B00F0C48C /* Images.xcassets */ = {isa = PBXFileReference; lastKnownFileType = folder.assetcatalog; path = Images.xcassets; sourceTree = "<group>"; };
		06712F9E1C1DE8660067E6CB /* libopenh264.a */ = {isa = PBXFileReference; lastKnownFileType = archive.ar; name = libopenh264.a; path = "tp-lib/libopenh264.a"; sourceTree = "<group>"; };
		06712F9F1C1DE8660067E6CB /* libyuv_neon.a */ = {isa = PBXFileReference; lastKnownFileType = archive.ar; name = libyuv_neon.a; path = "tp-lib/libyuv_neon.a"; sourceTree = "<group>"; };
		06712FA01C1DE8660067E6CB /* libyuv.a */ = {isa = PBXFileReference; lastKnownFileType = archive.ar; name = libyuv.a; path = "tp-lib/libyuv.a"; sourceTree = "<group>"; };
		0681A0C91C1DEF8300BCD6AE /* libsrtp.a */ = {isa = PBXFileReference; lastKnownFileType = archive.ar; name = libsrtp.a; path = lib/libsrtp.a; sourceTree = "<group>"; };
		0681A0CA1C1DEF8300BCD6AE /* libspeex.a */ = {isa = PBXFileReference; lastKnownFileType = archive.ar; name = libspeex.a; path = lib/libspeex.a; sourceTree = "<group>"; };
		0681A0CB1C1DEF8300BCD6AE /* libresample.a */ = {isa = PBXFileReference; lastKnownFileType = archive.ar; name = libresample.a; path = lib/libresample.a; sourceTree = "<group>"; };
		0681A0CC1C1DEF8300BCD6AE /* libpjsua2.a */ = {isa = PBXFileReference; lastKnownFileType = archive.ar; name = libpjsua2.a; path = lib/libpjsua2.a; sourceTree = "<group>"; };
		0681A0CD1C1DEF8300BCD6AE /* libpjsua.a */ = {isa = PBXFileReference; lastKnownFileType = archive.ar; name = libpjsua.a; path = lib/libpjsua.a; sourceTree = "<group>"; };
		0681A0CE1C1DEF8300BCD6AE /* libpjsip-ua.a */ = {isa = PBXFileReference; lastKnownFileType = archive.ar; name = "libpjsip-ua.a"; path = "lib/libpjsip-ua.a"; sourceTree = "<group>"; };
		0681A0CF1C1DEF8300BCD6AE /* libpjsip-simple.a */ = {isa = PBXFileReference; lastKnownFileType = archive.ar; name = "libpjsip-simple.a"; path = "lib/libpjsip-simple.a"; sourceTree = "<group>"; };
		0681A0D01C1DEF8300BCD6AE /* libpjsip.a */ = {isa = PBXFileReference; lastKnownFileType = archive.ar; name = libpjsip.a; path = lib/libpjsip.a; sourceTree = "<group>"; };
		0681A0D11C1DEF8300BCD6AE /* libpjnath.a */ = {isa = PBXFileReference; lastKnownFileType = archive.ar; name = libpjnath.a; path = lib/libpjnath.a; sourceTree = "<group>"; };
		0681A0D21C1DEF8300BCD6AE /* libpjmedia-videodev.a */ = {isa = PBXFileReference; lastKnownFileType = archive.ar; name = "libpjmedia-videodev.a"; path = "lib/libpjmedia-videodev.a"; sourceTree = "<group>"; };
		0681A0D31C1DEF8300BCD6AE /* libpjmedia-codec.a */ = {isa = PBXFileReference; lastKnownFileType = archive.ar; name = "libpjmedia-codec.a"; path = "lib/libpjmedia-codec.a"; sourceTree = "<group>"; };
		0681A0D41C1DEF8300BCD6AE /* libpjmedia-audiodev.a */ = {isa = PBXFileReference; lastKnownFileType = archive.ar; name = "libpjmedia-audiodev.a"; path = "lib/libpjmedia-audiodev.a"; sourceTree = "<group>"; };
		0681A0D51C1DEF8300BCD6AE /* libpjmedia.a */ = {isa = PBXFileReference; lastKnownFileType = archive.ar; name = libpjmedia.a; path = lib/libpjmedia.a; sourceTree = "<group>"; };
		0681A0D61C1DEF8300BCD6AE /* libpjlib-util.a */ = {isa = PBXFileReference; lastKnownFileType = archive.ar; name = "libpjlib-util.a"; path = "lib/libpjlib-util.a"; sourceTree = "<group>"; };
		0681A0D71C1DEF8300BCD6AE /* libpj.a */ = {isa = PBXFileReference; lastKnownFileType = archive.ar; name = libpj.a; path = lib/libpj.a; sourceTree = "<group>"; };
		0681A0D81C1DEF8300BCD6AE /* libilbccodec.a */ = {isa = PBXFileReference; lastKnownFileType = archive.ar; name = libilbccodec.a; path = lib/libilbccodec.a; sourceTree = "<group>"; };
		0681A0D91C1DEF8300BCD6AE /* libgsmcodec.a */ = {isa = PBXFileReference; lastKnownFileType = archive.ar; name = libgsmcodec.a; path = lib/libgsmcodec.a; sourceTree = "<group>"; };
		0681A0DA1C1DEF8300BCD6AE /* libg7221codec.a */ = {isa = PBXFileReference; lastKnownFileType = archive.ar; name = libg7221codec.a; path = lib/libg7221codec.a; sourceTree = "<group>"; };
		06CDC1391C198C92003D3F5C /* Main.storyboard */ = {isa = PBXFileReference; fileEncoding = 4; lastKnownFileType = file.storyboard; path = Main.storyboard; sourceTree = "<group>"; };
		06CDC13C1C19A045003D3F5C /* Call.storyboard */ = {isa = PBXFileReference; fileEncoding = 4; lastKnownFileType = file.storyboard; path = Call.storyboard; sourceTree = "<group>"; };
		06CDC1411C19A14E003D3F5C /* CallingViewController.h */ = {isa = PBXFileReference; fileEncoding = 4; lastKnownFileType = sourcecode.c.h; path = CallingViewController.h; sourceTree = "<group>"; };
		06CDC1421C19A14E003D3F5C /* CallingViewController.m */ = {isa = PBXFileReference; fileEncoding = 4; lastKnownFileType = sourcecode.c.objc; path = CallingViewController.m; sourceTree = "<group>"; };
		3AA31FE918F3FB4C00112C3D /* AudioToolbox.framework */ = {isa = PBXFileReference; lastKnownFileType = wrapper.framework; name = AudioToolbox.framework; path = System/Library/Frameworks/AudioToolbox.framework; sourceTree = SDKROOT; };
		3AA31FEA18F3FB4C00112C3D /* AVFoundation.framework */ = {isa = PBXFileReference; lastKnownFileType = wrapper.framework; name = AVFoundation.framework; path = System/Library/Frameworks/AVFoundation.framework; sourceTree = SDKROOT; };
		3AA31FEB18F3FB4C00112C3D /* CFNetwork.framework */ = {isa = PBXFileReference; lastKnownFileType = wrapper.framework; name = CFNetwork.framework; path = System/Library/Frameworks/CFNetwork.framework; sourceTree = SDKROOT; };
		3AA31FEC18F3FB4C00112C3D /* CoreAudio.framework */ = {isa = PBXFileReference; lastKnownFileType = wrapper.framework; name = CoreAudio.framework; path = System/Library/Frameworks/CoreAudio.framework; sourceTree = SDKROOT; };
		3AA31FED18F3FB4C00112C3D /* CoreFoundation.framework */ = {isa = PBXFileReference; lastKnownFileType = wrapper.framework; name = CoreFoundation.framework; path = System/Library/Frameworks/CoreFoundation.framework; sourceTree = SDKROOT; };
		3AA31FEE18F3FB4C00112C3D /* CoreImage.framework */ = {isa = PBXFileReference; lastKnownFileType = wrapper.framework; name = CoreImage.framework; path = System/Library/Frameworks/CoreImage.framework; sourceTree = SDKROOT; };
		3AA31FEF18F3FB4C00112C3D /* CoreMedia.framework */ = {isa = PBXFileReference; lastKnownFileType = wrapper.framework; name = CoreMedia.framework; path = System/Library/Frameworks/CoreMedia.framework; sourceTree = SDKROOT; };
		3AA31FF018F3FB4C00112C3D /* CoreVideo.framework */ = {isa = PBXFileReference; lastKnownFileType = wrapper.framework; name = CoreVideo.framework; path = System/Library/Frameworks/CoreVideo.framework; sourceTree = SDKROOT; };
		3AA31FF118F3FB4C00112C3D /* OpenGLES.framework */ = {isa = PBXFileReference; lastKnownFileType = wrapper.framework; name = OpenGLES.framework; path = System/Library/Frameworks/OpenGLES.framework; sourceTree = SDKROOT; };
		3AA31FF218F3FB4C00112C3D /* QuartzCore.framework */ = {isa = PBXFileReference; lastKnownFileType = wrapper.framework; name = QuartzCore.framework; path = System/Library/Frameworks/QuartzCore.framework; sourceTree = SDKROOT; };
		3AA31FF318F3FB4C00112C3D /* Foundation.framework */ = {isa = PBXFileReference; lastKnownFileType = wrapper.framework; name = Foundation.framework; path = System/Library/Frameworks/Foundation.framework; sourceTree = SDKROOT; };
		3AA31FF418F3FB4C00112C3D /* CoreGraphics.framework */ = {isa = PBXFileReference; lastKnownFileType = wrapper.framework; name = CoreGraphics.framework; path = System/Library/Frameworks/CoreGraphics.framework; sourceTree = SDKROOT; };
		3AA31FF518F3FB4C00112C3D /* UIKit.framework */ = {isa = PBXFileReference; lastKnownFileType = wrapper.framework; name = UIKit.framework; path = System/Library/Frameworks/UIKit.framework; sourceTree = SDKROOT; };
		3ADCCD161715338D0007BE8E /* pjsua.png */ = {isa = PBXFileReference; lastKnownFileType = image.png; path = pjsua.png; sourceTree = "<group>"; };
		3ADCCD28172E40120007BE8E /* pjsua_app_cli.c */ = {isa = PBXFileReference; fileEncoding = 4; lastKnownFileType = sourcecode.c.c; name = pjsua_app_cli.c; path = ../../pjsua_app_cli.c; sourceTree = "<group>"; };
		3ADCCD29172E40120007BE8E /* pjsua_app_common.c */ = {isa = PBXFileReference; fileEncoding = 4; lastKnownFileType = sourcecode.c.c; name = pjsua_app_common.c; path = ../../pjsua_app_common.c; sourceTree = "<group>"; };
		3ADCCD2A172E40120007BE8E /* pjsua_app_config.c */ = {isa = PBXFileReference; fileEncoding = 4; lastKnownFileType = sourcecode.c.c; name = pjsua_app_config.c; path = ../../pjsua_app_config.c; sourceTree = "<group>"; };
		3ADCCD2B172E40120007BE8E /* pjsua_app_legacy.c */ = {isa = PBXFileReference; fileEncoding = 4; lastKnownFileType = sourcecode.c.c; name = pjsua_app_legacy.c; path = ../../pjsua_app_legacy.c; sourceTree = "<group>"; };
		3ADCCD2C172E40120007BE8E /* pjsua_app.c */ = {isa = PBXFileReference; fileEncoding = 4; lastKnownFileType = sourcecode.c.c; name = pjsua_app.c; path = ../../pjsua_app.c; sourceTree = "<group>"; };
		3AF0580416F050770046B835 /* ipjsua.app */ = {isa = PBXFileReference; explicitFileType = wrapper.application; includeInIndex = 0; path = ipjsua.app; sourceTree = BUILT_PRODUCTS_DIR; };
		3AF0581016F050780046B835 /* ipjsua-Info.plist */ = {isa = PBXFileReference; lastKnownFileType = text.plist.xml; path = "ipjsua-Info.plist"; sourceTree = "<group>"; };
		3AF0581216F050780046B835 /* en */ = {isa = PBXFileReference; lastKnownFileType = text.plist.strings; name = en; path = en.lproj/InfoPlist.strings; sourceTree = "<group>"; };
		3AF0581416F050780046B835 /* main.mm */ = {isa = PBXFileReference; lastKnownFileType = sourcecode.cpp.objcpp; path = main.mm; sourceTree = "<group>"; };
		3AF0581616F050780046B835 /* ipjsua-Prefix.pch */ = {isa = PBXFileReference; lastKnownFileType = sourcecode.c.h; path = "ipjsua-Prefix.pch"; sourceTree = "<group>"; };
		3AF0581716F050780046B835 /* ipjsuaAppDelegate.h */ = {isa = PBXFileReference; lastKnownFileType = sourcecode.c.h; path = ipjsuaAppDelegate.h; sourceTree = "<group>"; };
		3AF0581816F050780046B835 /* ipjsuaAppDelegate.m */ = {isa = PBXFileReference; lastKnownFileType = sourcecode.c.objc; path = ipjsuaAppDelegate.m; sourceTree = "<group>"; };
		3AF0581A16F050780046B835 /* Default.png */ = {isa = PBXFileReference; lastKnownFileType = image.png; path = Default.png; sourceTree = "<group>"; };
		3AF0581C16F050780046B835 /* Default@2x.png */ = {isa = PBXFileReference; lastKnownFileType = image.png; path = "Default@2x.png"; sourceTree = "<group>"; };
		3AF0581E16F050780046B835 /* Default-568h@2x.png */ = {isa = PBXFileReference; lastKnownFileType = image.png; path = "Default-568h@2x.png"; sourceTree = "<group>"; };
/* End PBXFileReference section */

/* Begin PBXFrameworksBuildPhase section */
		3AF0580116F050770046B835 /* Frameworks */ = {
			isa = PBXFrameworksBuildPhase;
			buildActionMask = 2147483647;
			files = (
				3AA31FF818F3FB4C00112C3D /* CFNetwork.framework in Frameworks */,
				3AA31FFB18F3FB4C00112C3D /* CoreImage.framework in Frameworks */,
				0681A0E41C1DEF8300BCD6AE /* libpjmedia-videodev.a in Frameworks */,
				0681A0E31C1DEF8300BCD6AE /* libpjnath.a in Frameworks */,
				3AA31FF618F3FB4C00112C3D /* AudioToolbox.framework in Frameworks */,
				3AA31FF718F3FB4C00112C3D /* AVFoundation.framework in Frameworks */,
				0681A0EC1C1DEF8300BCD6AE /* libg7221codec.a in Frameworks */,
				0681A0E91C1DEF8300BCD6AE /* libpj.a in Frameworks */,
				0681A0E51C1DEF8300BCD6AE /* libpjmedia-codec.a in Frameworks */,
				06712FA11C1DE8660067E6CB /* libopenh264.a in Frameworks */,
				3AA31FFE18F3FB4C00112C3D /* OpenGLES.framework in Frameworks */,
				0681A0E81C1DEF8300BCD6AE /* libpjlib-util.a in Frameworks */,
				0681A0DD1C1DEF8300BCD6AE /* libresample.a in Frameworks */,
				0681A0EA1C1DEF8300BCD6AE /* libilbccodec.a in Frameworks */,
				06712FA31C1DE8660067E6CB /* libyuv.a in Frameworks */,
				0681A0DC1C1DEF8300BCD6AE /* libspeex.a in Frameworks */,
				3AA3200018F3FB4C00112C3D /* Foundation.framework in Frameworks */,
				0681A0E71C1DEF8300BCD6AE /* libpjmedia.a in Frameworks */,
				0681A0DE1C1DEF8300BCD6AE /* libpjsua2.a in Frameworks */,
				0681A0DF1C1DEF8300BCD6AE /* libpjsua.a in Frameworks */,
				0681A0DB1C1DEF8300BCD6AE /* libsrtp.a in Frameworks */,
				3AA3200118F3FB4C00112C3D /* CoreGraphics.framework in Frameworks */,
				0681A0E21C1DEF8300BCD6AE /* libpjsip.a in Frameworks */,
				0681A0E11C1DEF8300BCD6AE /* libpjsip-simple.a in Frameworks */,
				06712FA21C1DE8660067E6CB /* libyuv_neon.a in Frameworks */,
				3AA31FF918F3FB4C00112C3D /* CoreAudio.framework in Frameworks */,
				3AA31FFD18F3FB4C00112C3D /* CoreVideo.framework in Frameworks */,
				3AA3200218F3FB4C00112C3D /* UIKit.framework in Frameworks */,
				0681A0E61C1DEF8300BCD6AE /* libpjmedia-audiodev.a in Frameworks */,
				0681A0EB1C1DEF8300BCD6AE /* libgsmcodec.a in Frameworks */,
				0681A0E01C1DEF8300BCD6AE /* libpjsip-ua.a in Frameworks */,
				3AA31FFA18F3FB4C00112C3D /* CoreFoundation.framework in Frameworks */,
				3AA31FFC18F3FB4C00112C3D /* CoreMedia.framework in Frameworks */,
				3AA31FFF18F3FB4C00112C3D /* QuartzCore.framework in Frameworks */,
			);
			runOnlyForDeploymentPostprocessing = 0;
		};
/* End PBXFrameworksBuildPhase section */

/* Begin PBXGroup section */
		065D11A51C196BC200F0C48C /* mEye */ = {
			isa = PBXGroup;
			children = (
				06CDC13B1C19A036003D3F5C /* Call */,
				06CDC1381C198C7C003D3F5C /* Main */,
				065D11AD1C196D1800F0C48C /* Login */,
				065D11A61C196BC200F0C48C /* API.h */,
				065D11A71C196BC200F0C48C /* API.m */,
			);
			path = mEye;
			sourceTree = "<group>";
		};
		065D11AD1C196D1800F0C48C /* Login */ = {
			isa = PBXGroup;
			children = (
				065D11AE1C196D1800F0C48C /* FirstViewController.h */,
				065D11AF1C196D1800F0C48C /* FirstViewController.m */,
				065D11B01C196D1800F0C48C /* Login.storyboard */,
				065D11B11C196D1800F0C48C /* RegisterViewController.h */,
				065D11B21C196D1800F0C48C /* RegisterViewController.m */,
				065D11B31C196D1800F0C48C /* ValueCodeViewController.h */,
				065D11B41C196D1800F0C48C /* ValueCodeViewController.m */,
			);
			path = Login;
			sourceTree = "<group>";
		};
		06CDC1381C198C7C003D3F5C /* Main */ = {
			isa = PBXGroup;
			children = (
				06CDC1391C198C92003D3F5C /* Main.storyboard */,
			);
			path = Main;
			sourceTree = "<group>";
		};
		06CDC13B1C19A036003D3F5C /* Call */ = {
			isa = PBXGroup;
			children = (
				06CDC13C1C19A045003D3F5C /* Call.storyboard */,
				06CDC1411C19A14E003D3F5C /* CallingViewController.h */,
				06CDC1421C19A14E003D3F5C /* CallingViewController.m */,
			);
			path = Call;
			sourceTree = "<group>";
		};
		3A92068D16F1D1A100D49F96 /* pjsua */ = {
			isa = PBXGroup;
			children = (
				3ADCCD28172E40120007BE8E /* pjsua_app_cli.c */,
				3ADCCD29172E40120007BE8E /* pjsua_app_common.c */,
				3ADCCD2A172E40120007BE8E /* pjsua_app_config.c */,
				3ADCCD2B172E40120007BE8E /* pjsua_app_legacy.c */,
				3ADCCD2C172E40120007BE8E /* pjsua_app.c */,
			);
			name = pjsua;
			sourceTree = "<group>";
		};
		3AF057F916F050770046B835 = {
			isa = PBXGroup;
			children = (
				065D11A51C196BC200F0C48C /* mEye */,
				3AF0580E16F050770046B835 /* ipjsua */,
				3AF0580716F050770046B835 /* Frameworks */,
				3AF0580516F050770046B835 /* Products */,
				3AF0583516F056CC0046B835 /* Libraries */,
			);
			sourceTree = "<group>";
		};
		3AF0580516F050770046B835 /* Products */ = {
			isa = PBXGroup;
			children = (
				3AF0580416F050770046B835 /* ipjsua.app */,
			);
			name = Products;
			sourceTree = "<group>";
		};
		3AF0580716F050770046B835 /* Frameworks */ = {
			isa = PBXGroup;
			children = (
				3AA31FE918F3FB4C00112C3D /* AudioToolbox.framework */,
				3AA31FEA18F3FB4C00112C3D /* AVFoundation.framework */,
				3AA31FEB18F3FB4C00112C3D /* CFNetwork.framework */,
				3AA31FEC18F3FB4C00112C3D /* CoreAudio.framework */,
				3AA31FED18F3FB4C00112C3D /* CoreFoundation.framework */,
				3AA31FEE18F3FB4C00112C3D /* CoreImage.framework */,
				3AA31FEF18F3FB4C00112C3D /* CoreMedia.framework */,
				3AA31FF018F3FB4C00112C3D /* CoreVideo.framework */,
				3AA31FF118F3FB4C00112C3D /* OpenGLES.framework */,
				3AA31FF218F3FB4C00112C3D /* QuartzCore.framework */,
				3AA31FF318F3FB4C00112C3D /* Foundation.framework */,
				3AA31FF418F3FB4C00112C3D /* CoreGraphics.framework */,
				3AA31FF518F3FB4C00112C3D /* UIKit.framework */,
			);
			name = Frameworks;
			sourceTree = "<group>";
		};
		3AF0580E16F050770046B835 /* ipjsua */ = {
			isa = PBXGroup;
			children = (
				3A92068D16F1D1A100D49F96 /* pjsua */,
				3AF0581716F050780046B835 /* ipjsuaAppDelegate.h */,
				3AF0581816F050780046B835 /* ipjsuaAppDelegate.m */,
				065D11B91C19728B00F0C48C /* Images.xcassets */,
				3AF0580F16F050780046B835 /* Supporting Files */,
			);
			path = ipjsua;
			sourceTree = "<group>";
		};
		3AF0580F16F050780046B835 /* Supporting Files */ = {
			isa = PBXGroup;
			children = (
				3AF0581016F050780046B835 /* ipjsua-Info.plist */,
				3AF0581116F050780046B835 /* InfoPlist.strings */,
				3AF0581416F050780046B835 /* main.mm */,
				3AF0581616F050780046B835 /* ipjsua-Prefix.pch */,
				3ADCCD161715338D0007BE8E /* pjsua.png */,
				3AF0581A16F050780046B835 /* Default.png */,
				3AF0581C16F050780046B835 /* Default@2x.png */,
				3AF0581E16F050780046B835 /* Default-568h@2x.png */,
			);
			name = "Supporting Files";
			sourceTree = "<group>";
		};
		3AF0583516F056CC0046B835 /* Libraries */ = {
			isa = PBXGroup;
			children = (
				06712F9E1C1DE8660067E6CB /* libopenh264.a */,
				06712F9F1C1DE8660067E6CB /* libyuv_neon.a */,
				06712FA01C1DE8660067E6CB /* libyuv.a */,
				0681A0C91C1DEF8300BCD6AE /* libsrtp.a */,
				0681A0CA1C1DEF8300BCD6AE /* libspeex.a */,
				0681A0CB1C1DEF8300BCD6AE /* libresample.a */,
				0681A0CC1C1DEF8300BCD6AE /* libpjsua2.a */,
				0681A0CD1C1DEF8300BCD6AE /* libpjsua.a */,
				0681A0CE1C1DEF8300BCD6AE /* libpjsip-ua.a */,
				0681A0CF1C1DEF8300BCD6AE /* libpjsip-simple.a */,
				0681A0D01C1DEF8300BCD6AE /* libpjsip.a */,
				0681A0D11C1DEF8300BCD6AE /* libpjnath.a */,
				0681A0D21C1DEF8300BCD6AE /* libpjmedia-videodev.a */,
				0681A0D31C1DEF8300BCD6AE /* libpjmedia-codec.a */,
				0681A0D41C1DEF8300BCD6AE /* libpjmedia-audiodev.a */,
				0681A0D51C1DEF8300BCD6AE /* libpjmedia.a */,
				0681A0D61C1DEF8300BCD6AE /* libpjlib-util.a */,
				0681A0D71C1DEF8300BCD6AE /* libpj.a */,
				0681A0D81C1DEF8300BCD6AE /* libilbccodec.a */,
				0681A0D91C1DEF8300BCD6AE /* libgsmcodec.a */,
				0681A0DA1C1DEF8300BCD6AE /* libg7221codec.a */,
			);
			name = Libraries;
			sourceTree = "<group>";
		};
/* End PBXGroup section */

/* Begin PBXNativeTarget section */
		3AF0580316F050770046B835 /* ipjsua */ = {
			isa = PBXNativeTarget;
			buildConfigurationList = 3AF0582B16F050780046B835 /* Build configuration list for PBXNativeTarget "ipjsua" */;
			buildPhases = (
				3AF0580016F050770046B835 /* Sources */,
				3AF0580116F050770046B835 /* Frameworks */,
				3AF0580216F050770046B835 /* Resources */,
			);
			buildRules = (
			);
			dependencies = (
			);
			name = ipjsua;
			productName = ipjsua;
			productReference = 3AF0580416F050770046B835 /* ipjsua.app */;
			productType = "com.apple.product-type.application";
		};
/* End PBXNativeTarget section */

/* Begin PBXProject section */
		3AF057FB16F050770046B835 /* Project object */ = {
			isa = PBXProject;
			attributes = {
				CLASSPREFIX = ipjsua;
				LastUpgradeCheck = 0450;
				ORGANIZATIONNAME = Teluu;
				TargetAttributes = {
					3AF0580316F050770046B835 = {
						DevelopmentTeam = 4VV79NCCT9;
					};
				};
			};
			buildConfigurationList = 3AF057FE16F050770046B835 /* Build configuration list for PBXProject "ipjsua" */;
			compatibilityVersion = "Xcode 3.2";
			developmentRegion = English;
			hasScannedForEncodings = 0;
			knownRegions = (
				en,
			);
			mainGroup = 3AF057F916F050770046B835;
			productRefGroup = 3AF0580516F050770046B835 /* Products */;
			projectDirPath = "";
			projectRoot = "";
			targets = (
				3AF0580316F050770046B835 /* ipjsua */,
			);
		};
/* End PBXProject section */

/* Begin PBXResourcesBuildPhase section */
		3AF0580216F050770046B835 /* Resources */ = {
			isa = PBXResourcesBuildPhase;
			buildActionMask = 2147483647;
			files = (
				065D11BA1C19728B00F0C48C /* Images.xcassets in Resources */,
				06CDC13A1C198C92003D3F5C /* Main.storyboard in Resources */,
				065D11B61C196D1800F0C48C /* Login.storyboard in Resources */,
				3AF0581316F050780046B835 /* InfoPlist.strings in Resources */,
				06CDC13D1C19A045003D3F5C /* Call.storyboard in Resources */,
				3AF0581B16F050780046B835 /* Default.png in Resources */,
				3AF0581D16F050780046B835 /* Default@2x.png in Resources */,
				3AF0581F16F050780046B835 /* Default-568h@2x.png in Resources */,
				3ADCCD171715338D0007BE8E /* pjsua.png in Resources */,
			);
			runOnlyForDeploymentPostprocessing = 0;
		};
/* End PBXResourcesBuildPhase section */

/* Begin PBXSourcesBuildPhase section */
		3AF0580016F050770046B835 /* Sources */ = {
			isa = PBXSourcesBuildPhase;
			buildActionMask = 2147483647;
			files = (
				065D11B71C196D1800F0C48C /* RegisterViewController.m in Sources */,
				3AF0581516F050780046B835 /* main.mm in Sources */,
				3AF0581916F050780046B835 /* ipjsuaAppDelegate.m in Sources */,
				065D11B81C196D1800F0C48C /* ValueCodeViewController.m in Sources */,
				3ADCCD2D172E40120007BE8E /* pjsua_app_cli.c in Sources */,
				3ADCCD2E172E40120007BE8E /* pjsua_app_common.c in Sources */,
				3ADCCD2F172E40120007BE8E /* pjsua_app_config.c in Sources */,
				06CDC1431C19A14E003D3F5C /* CallingViewController.m in Sources */,
				065D11A81C196BC200F0C48C /* API.m in Sources */,
				065D11B51C196D1800F0C48C /* FirstViewController.m in Sources */,
				3ADCCD30172E40120007BE8E /* pjsua_app_legacy.c in Sources */,
				3ADCCD31172E40120007BE8E /* pjsua_app.c in Sources */,
			);
			runOnlyForDeploymentPostprocessing = 0;
		};
/* End PBXSourcesBuildPhase section */

/* Begin PBXVariantGroup section */
		3AF0581116F050780046B835 /* InfoPlist.strings */ = {
			isa = PBXVariantGroup;
			children = (
				3AF0581216F050780046B835 /* en */,
			);
			name = InfoPlist.strings;
			sourceTree = "<group>";
		};
/* End PBXVariantGroup section */

/* Begin XCBuildConfiguration section */
		3AF0582916F050780046B835 /* Debug */ = {
			isa = XCBuildConfiguration;
			buildSettings = {
				ALWAYS_SEARCH_USER_PATHS = NO;
				CLANG_CXX_LANGUAGE_STANDARD = "gnu++0x";
				CLANG_CXX_LIBRARY = "libc++";
				CLANG_ENABLE_OBJC_ARC = YES;
				CLANG_WARN_EMPTY_BODY = YES;
				CLANG_WARN__DUPLICATE_METHOD_MATCH = YES;
				"CODE_SIGN_IDENTITY[sdk=iphoneos*]" = "iPhone Developer";
				COPY_PHASE_STRIP = NO;
				GCC_C_LANGUAGE_STANDARD = gnu99;
				GCC_DYNAMIC_NO_PIC = NO;
				GCC_OPTIMIZATION_LEVEL = 0;
				GCC_PREPROCESSOR_DEFINITIONS = (
					"DEBUG=1",
					"$(inherited)",
				);
				GCC_SYMBOLS_PRIVATE_EXTERN = NO;
				GCC_WARN_ABOUT_RETURN_TYPE = YES;
				GCC_WARN_UNINITIALIZED_AUTOS = YES;
				GCC_WARN_UNUSED_VARIABLE = YES;
				IPHONEOS_DEPLOYMENT_TARGET = 6.0;
				SDKROOT = iphoneos;
				TARGETED_DEVICE_FAMILY = "1,2";
			};
			name = Debug;
		};
		3AF0582A16F050780046B835 /* Release */ = {
			isa = XCBuildConfiguration;
			buildSettings = {
				ALWAYS_SEARCH_USER_PATHS = NO;
				CLANG_CXX_LANGUAGE_STANDARD = "gnu++0x";
				CLANG_CXX_LIBRARY = "libc++";
				CLANG_ENABLE_OBJC_ARC = YES;
				CLANG_WARN_EMPTY_BODY = YES;
				CLANG_WARN__DUPLICATE_METHOD_MATCH = YES;
				"CODE_SIGN_IDENTITY[sdk=iphoneos*]" = "iPhone Developer";
				COPY_PHASE_STRIP = YES;
				GCC_C_LANGUAGE_STANDARD = gnu99;
				GCC_WARN_ABOUT_RETURN_TYPE = YES;
				GCC_WARN_UNINITIALIZED_AUTOS = YES;
				GCC_WARN_UNUSED_VARIABLE = YES;
				IPHONEOS_DEPLOYMENT_TARGET = 6.0;
				OTHER_CFLAGS = "-DNS_BLOCK_ASSERTIONS=1";
				SDKROOT = iphoneos;
				TARGETED_DEVICE_FAMILY = "1,2";
				VALIDATE_PRODUCT = YES;
			};
			name = Release;
		};
		3AF0582C16F050780046B835 /* Debug */ = {
			isa = XCBuildConfiguration;
			buildSettings = {
				ASSETCATALOG_COMPILER_APPICON_NAME = AppIcon;
				ASSETCATALOG_COMPILER_LAUNCHIMAGE_NAME = "Brand Assets";
				CODE_SIGN_IDENTITY = "iPhone Developer";
				ENABLE_BITCODE = NO;
				GCC_PRECOMPILE_PREFIX_HEADER = YES;
				GCC_PREFIX_HEADER = "ipjsua/ipjsua-Prefix.pch";
				GCC_PREPROCESSOR_DEFINITIONS = (
					"DEBUG=1",
					"PJ_AUTOCONF=1",
					USE_GUI,
				);
				HEADER_SEARCH_PATHS = "$(PROJECT_DIR)/include";
				INFOPLIST_FILE = "ipjsua/ipjsua-Info.plist";
				LIBRARY_SEARCH_PATHS = (
					"$(PROJECT_DIR)",
					"$(PROJECT_DIR)/lib",
					"$(PROJECT_DIR)/tp-lib",
					"$(PROJECT_DIR)/armv7",
				);
				ONLY_ACTIVE_ARCH = YES;
				PRODUCT_BUNDLE_IDENTIFIER = meye.yarlungsoft.com;
				PRODUCT_NAME = "$(TARGET_NAME)";
				TARGETED_DEVICE_FAMILY = 1;
				VALID_ARCHS = "armv7 arm64";
				WRAPPER_EXTENSION = app;
			};
			name = Debug;
		};
		3AF0582D16F050780046B835 /* Release */ = {
			isa = XCBuildConfiguration;
			buildSettings = {
				ASSETCATALOG_COMPILER_APPICON_NAME = AppIcon;
				ASSETCATALOG_COMPILER_LAUNCHIMAGE_NAME = "Brand Assets";
				CODE_SIGN_IDENTITY = "iPhone Developer";
				ENABLE_BITCODE = NO;
				GCC_PRECOMPILE_PREFIX_HEADER = YES;
				GCC_PREFIX_HEADER = "ipjsua/ipjsua-Prefix.pch";
				GCC_PREPROCESSOR_DEFINITIONS = (
					"PJ_AUTOCONF=1",
					USE_GUI,
				);
				HEADER_SEARCH_PATHS = "$(PROJECT_DIR)/include";
				INFOPLIST_FILE = "ipjsua/ipjsua-Info.plist";
				LIBRARY_SEARCH_PATHS = (
					"$(PROJECT_DIR)",
					"$(PROJECT_DIR)/lib",
					"$(PROJECT_DIR)/tp-lib",
					"$(PROJECT_DIR)/armv7",
				);
				ONLY_ACTIVE_ARCH = YES;
				PRODUCT_BUNDLE_IDENTIFIER = meye.yarlungsoft.com;
				PRODUCT_NAME = "$(TARGET_NAME)";
				TARGETED_DEVICE_FAMILY = 1;
				VALID_ARCHS = "armv7 arm64";
				WRAPPER_EXTENSION = app;
			};
			name = Release;
		};
/* End XCBuildConfiguration section */

/* Begin XCConfigurationList section */
		3AF057FE16F050770046B835 /* Build configuration list for PBXProject "ipjsua" */ = {
			isa = XCConfigurationList;
			buildConfigurations = (
				3AF0582916F050780046B835 /* Debug */,
				3AF0582A16F050780046B835 /* Release */,
			);
			defaultConfigurationIsVisible = 0;
			defaultConfigurationName = Release;
		};
		3AF0582B16F050780046B835 /* Build configuration list for PBXNativeTarget "ipjsua" */ = {
			isa = XCConfigurationList;
			buildConfigurations = (
				3AF0582C16F050780046B835 /* Debug */,
				3AF0582D16F050780046B835 /* Release */,
			);
			defaultConfigurationIsVisible = 0;
			defaultConfigurationName = Release;
		};
/* End XCConfigurationList section */
	};
	rootObject = 3AF057FB16F050770046B835 /* Project object */;
}
